// !$*UTF8*$!
{
	archiveVersion = 1;
	classes = {
	};
	objectVersion = 50;
	objects = {

/* Begin PBXBuildFile section */
		5E8E1EBC2520491C006554E0 /* AppDelegate.swift in Sources */ = {isa = PBXBuildFile; fileRef = 5E8E1EBB2520491C006554E0 /* AppDelegate.swift */; };
		5E8E1EBE2520491C006554E0 /* SceneDelegate.swift in Sources */ = {isa = PBXBuildFile; fileRef = 5E8E1EBD2520491C006554E0 /* SceneDelegate.swift */; };
		5E8E1EC02520491C006554E0 /* RichWebView.swift in Sources */ = {isa = PBXBuildFile; fileRef = 5E8E1EBF2520491C006554E0 /* RichWebView.swift */; };
		5E8E1EC22520491C006554E0 /* Assets.xcassets in Resources */ = {isa = PBXBuildFile; fileRef = 5E8E1EC12520491C006554E0 /* Assets.xcassets */; };
		5E8E1EC52520491C006554E0 /* Preview Assets.xcassets in Resources */ = {isa = PBXBuildFile; fileRef = 5E8E1EC42520491C006554E0 /* Preview Assets.xcassets */; };
		5E8E1EC82520491C006554E0 /* LaunchScreen.storyboard in Resources */ = {isa = PBXBuildFile; fileRef = 5E8E1EC62520491C006554E0 /* LaunchScreen.storyboard */; };
		5E8E1ED325204985006554E0 /* WebView.swift in Sources */ = {isa = PBXBuildFile; fileRef = 5E8E1ED225204985006554E0 /* WebView.swift */; };
		5E8E1ED8252055EA006554E0 /* WebToolBarView.swift in Sources */ = {isa = PBXBuildFile; fileRef = 5E8E1ED7252055EA006554E0 /* WebToolBarView.swift */; };
		5E8E1EDD25208323006554E0 /* ProgressBarView.swift in Sources */ = {isa = PBXBuildFile; fileRef = 5E8E1EDC25208323006554E0 /* ProgressBarView.swift */; };
/* End PBXBuildFile section */

/* Begin PBXFileReference section */
		5E8E1EB82520491C006554E0 /* RichWebViewSample.app */ = {isa = PBXFileReference; explicitFileType = wrapper.application; includeInIndex = 0; path = RichWebViewSample.app; sourceTree = BUILT_PRODUCTS_DIR; };
		5E8E1EBB2520491C006554E0 /* AppDelegate.swift */ = {isa = PBXFileReference; lastKnownFileType = sourcecode.swift; path = AppDelegate.swift; sourceTree = "<group>"; };
		5E8E1EBD2520491C006554E0 /* SceneDelegate.swift */ = {isa = PBXFileReference; lastKnownFileType = sourcecode.swift; path = SceneDelegate.swift; sourceTree = "<group>"; };
		5E8E1EBF2520491C006554E0 /* RichWebView.swift */ = {isa = PBXFileReference; lastKnownFileType = sourcecode.swift; path = RichWebView.swift; sourceTree = "<group>"; };
		5E8E1EC12520491C006554E0 /* Assets.xcassets */ = {isa = PBXFileReference; lastKnownFileType = folder.assetcatalog; path = Assets.xcassets; sourceTree = "<group>"; };
		5E8E1EC42520491C006554E0 /* Preview Assets.xcassets */ = {isa = PBXFileReference; lastKnownFileType = folder.assetcatalog; path = "Preview Assets.xcassets"; sourceTree = "<group>"; };
		5E8E1EC72520491C006554E0 /* Base */ = {isa = PBXFileReference; lastKnownFileType = file.storyboard; name = Base; path = Base.lproj/LaunchScreen.storyboard; sourceTree = "<group>"; };
		5E8E1EC92520491C006554E0 /* Info.plist */ = {isa = PBXFileReference; lastKnownFileType = text.plist.xml; path = Info.plist; sourceTree = "<group>"; };
		5E8E1ED225204985006554E0 /* WebView.swift */ = {isa = PBXFileReference; lastKnownFileType = sourcecode.swift; path = WebView.swift; sourceTree = "<group>"; };
		5E8E1ED7252055EA006554E0 /* WebToolBarView.swift */ = {isa = PBXFileReference; lastKnownFileType = sourcecode.swift; path = WebToolBarView.swift; sourceTree = "<group>"; };
		5E8E1EDC25208323006554E0 /* ProgressBarView.swift */ = {isa = PBXFileReference; lastKnownFileType = sourcecode.swift; path = ProgressBarView.swift; sourceTree = "<group>"; };
/* End PBXFileReference section */

/* Begin PBXFrameworksBuildPhase section */
		5E8E1EB52520491C006554E0 /* Frameworks */ = {
			isa = PBXFrameworksBuildPhase;
			buildActionMask = 2147483647;
			files = (
			);
			runOnlyForDeploymentPostprocessing = 0;
		};
/* End PBXFrameworksBuildPhase section */

/* Begin PBXGroup section */
		5E8E1EAF2520491C006554E0 = {
			isa = PBXGroup;
			children = (
				5E8E1EBA2520491C006554E0 /* RichWebViewSample */,
				5E8E1EB92520491C006554E0 /* Products */,
			);
			sourceTree = "<group>";
		};
		5E8E1EB92520491C006554E0 /* Products */ = {
			isa = PBXGroup;
			children = (
				5E8E1EB82520491C006554E0 /* RichWebViewSample.app */,
			);
			name = Products;
			sourceTree = "<group>";
		};
		5E8E1EBA2520491C006554E0 /* RichWebViewSample */ = {
			isa = PBXGroup;
			children = (
				5E8E1EBB2520491C006554E0 /* AppDelegate.swift */,
				5E8E1EBD2520491C006554E0 /* SceneDelegate.swift */,
				5E8E1EBF2520491C006554E0 /* RichWebView.swift */,
				5E8E1ED225204985006554E0 /* WebView.swift */,
				5E8E1ED7252055EA006554E0 /* WebToolBarView.swift */,
				5E8E1EDC25208323006554E0 /* ProgressBarView.swift */,
				5E8E1EC12520491C006554E0 /* Assets.xcassets */,
				5E8E1EC62520491C006554E0 /* LaunchScreen.storyboard */,
				5E8E1EC92520491C006554E0 /* Info.plist */,
				5E8E1EC32520491C006554E0 /* Preview Content */,
			);
			path = RichWebViewSample;
			sourceTree = "<group>";
		};
		5E8E1EC32520491C006554E0 /* Preview Content */ = {
			isa = PBXGroup;
			children = (
				5E8E1EC42520491C006554E0 /* Preview Assets.xcassets */,
			);
			path = "Preview Content";
			sourceTree = "<group>";
		};
/* End PBXGroup section */

/* Begin PBXNativeTarget section */
		5E8E1EB72520491C006554E0 /* RichWebViewSample */ = {
			isa = PBXNativeTarget;
			buildConfigurationList = 5E8E1ECC2520491C006554E0 /* Build configuration list for PBXNativeTarget "RichWebViewSample" */;
			buildPhases = (
				5E8E1EB42520491C006554E0 /* Sources */,
				5E8E1EB52520491C006554E0 /* Frameworks */,
				5E8E1EB62520491C006554E0 /* Resources */,
			);
			buildRules = (
			);
			dependencies = (
			);
			name = RichWebViewSample;
			productName = RichWebViewSample;
			productReference = 5E8E1EB82520491C006554E0 /* RichWebViewSample.app */;
			productType = "com.apple.product-type.application";
		};
/* End PBXNativeTarget section */

/* Begin PBXProject section */
		5E8E1EB02520491C006554E0 /* Project object */ = {
			isa = PBXProject;
			attributes = {
				LastSwiftUpdateCheck = 1200;
				LastUpgradeCheck = 1200;
				TargetAttributes = {
					5E8E1EB72520491C006554E0 = {
						CreatedOnToolsVersion = 12.0;
					};
				};
			};
			buildConfigurationList = 5E8E1EB32520491C006554E0 /* Build configuration list for PBXProject "RichWebViewSample" */;
			compatibilityVersion = "Xcode 9.3";
			developmentRegion = en;
			hasScannedForEncodings = 0;
			knownRegions = (
				en,
				Base,
			);
			mainGroup = 5E8E1EAF2520491C006554E0;
			productRefGroup = 5E8E1EB92520491C006554E0 /* Products */;
			projectDirPath = "";
			projectRoot = "";
			targets = (
				5E8E1EB72520491C006554E0 /* RichWebViewSample */,
			);
		};
/* End PBXProject section */

/* Begin PBXResourcesBuildPhase section */
		5E8E1EB62520491C006554E0 /* Resources */ = {
			isa = PBXResourcesBuildPhase;
			buildActionMask = 2147483647;
			files = (
				5E8E1EC82520491C006554E0 /* LaunchScreen.storyboard in Resources */,
				5E8E1EC52520491C006554E0 /* Preview Assets.xcassets in Resources */,
				5E8E1EC22520491C006554E0 /* Assets.xcassets in Resources */,
			);
			runOnlyForDeploymentPostprocessing = 0;
		};
/* End PBXResourcesBuildPhase section */

/* Begin PBXSourcesBuildPhase section */
		5E8E1EB42520491C006554E0 /* Sources */ = {
			isa = PBXSourcesBuildPhase;
			buildActionMask = 2147483647;
			files = (
				5E8E1EBC2520491C006554E0 /* AppDelegate.swift in Sources */,
				5E8E1EDD25208323006554E0 /* ProgressBarView.swift in Sources */,
				5E8E1ED325204985006554E0 /* WebView.swift in Sources */,
				5E8E1EBE2520491C006554E0 /* SceneDelegate.swift in Sources */,
				5E8E1ED8252055EA006554E0 /* WebToolBarView.swift in Sources */,
				5E8E1EC02520491C006554E0 /* RichWebView.swift in Sources */,
			);
			runOnlyForDeploymentPostprocessing = 0;
		};
/* End PBXSourcesBuildPhase section */

/* Begin PBXVariantGroup section */
		5E8E1EC62520491C006554E0 /* LaunchScreen.storyboard */ = {
			isa = PBXVariantGroup;
			children = (
				5E8E1EC72520491C006554E0 /* Base */,
			);
			name = LaunchScreen.storyboard;
			sourceTree = "<group>";
		};
/* End PBXVariantGroup section */

/* Begin XCBuildConfiguration section */
		5E8E1ECA2520491C006554E0 /* Debug */ = {
			isa = XCBuildConfiguration;
			buildSettings = {
				ALWAYS_SEARCH_USER_PATHS = NO;
				CLANG_ANALYZER_NONNULL = YES;
				CLANG_ANALYZER_NUMBER_OBJECT_CONVERSION = YES_AGGRESSIVE;
				CLANG_CXX_LANGUAGE_STANDARD = "gnu++14";
				CLANG_CXX_LIBRARY = "libc++";
				CLANG_ENABLE_MODULES = YES;
				CLANG_ENABLE_OBJC_ARC = YES;
				CLANG_ENABLE_OBJC_WEAK = YES;
				CLANG_WARN_BLOCK_CAPTURE_AUTORELEASING = YES;
				CLANG_WARN_BOOL_CONVERSION = YES;
				CLANG_WARN_COMMA = YES;
				CLANG_WARN_CONSTANT_CONVERSION = YES;
				CLANG_WARN_DEPRECATED_OBJC_IMPLEMENTATIONS = YES;
				CLANG_WARN_DIRECT_OBJC_ISA_USAGE = YES_ERROR;
				CLANG_WARN_DOCUMENTATION_COMMENTS = YES;
				CLANG_WARN_EMPTY_BODY = YES;
				CLANG_WARN_ENUM_CONVERSION = YES;
				CLANG_WARN_INFINITE_RECURSION = YES;
				CLANG_WARN_INT_CONVERSION = YES;
				CLANG_WARN_NON_LITERAL_NULL_CONVERSION = YES;
				CLANG_WARN_OBJC_IMPLICIT_RETAIN_SELF = YES;
				CLANG_WARN_OBJC_LITERAL_CONVERSION = YES;
				CLANG_WARN_OBJC_ROOT_CLASS = YES_ERROR;
				CLANG_WARN_QUOTED_INCLUDE_IN_FRAMEWORK_HEADER = YES;
				CLANG_WARN_RANGE_LOOP_ANALYSIS = YES;
				CLANG_WARN_STRICT_PROTOTYPES = YES;
				CLANG_WARN_SUSPICIOUS_MOVE = YES;
				CLANG_WARN_UNGUARDED_AVAILABILITY = YES_AGGRESSIVE;
				CLANG_WARN_UNREACHABLE_CODE = YES;
				CLANG_WARN__DUPLICATE_METHOD_MATCH = YES;
				COPY_PHASE_STRIP = NO;
				DEBUG_INFORMATION_FORMAT = dwarf;
				ENABLE_STRICT_OBJC_MSGSEND = YES;
				ENABLE_TESTABILITY = YES;
				GCC_C_LANGUAGE_STANDARD = gnu11;
				GCC_DYNAMIC_NO_PIC = NO;
				GCC_NO_COMMON_BLOCKS = YES;
				GCC_OPTIMIZATION_LEVEL = 0;
				GCC_PREPROCESSOR_DEFINITIONS = (
					"DEBUG=1",
					"$(inherited)",
				);
				GCC_WARN_64_TO_32_BIT_CONVERSION = YES;
				GCC_WARN_ABOUT_RETURN_TYPE = YES_ERROR;
				GCC_WARN_UNDECLARED_SELECTOR = YES;
				GCC_WARN_UNINITIALIZED_AUTOS = YES_AGGRESSIVE;
				GCC_WARN_UNUSED_FUNCTION = YES;
				GCC_WARN_UNUSED_VARIABLE = YES;
				IPHONEOS_DEPLOYMENT_TARGET = 14.0;
				MTL_ENABLE_DEBUG_INFO = INCLUDE_SOURCE;
				MTL_FAST_MATH = YES;
				ONLY_ACTIVE_ARCH = YES;
				SDKROOT = iphoneos;
				SWIFT_ACTIVE_COMPILATION_CONDITIONS = DEBUG;
				SWIFT_OPTIMIZATION_LEVEL = "-Onone";
			};
			name = Debug;
		};
		5E8E1ECB2520491C006554E0 /* Release */ = {
			isa = XCBuildConfiguration;
			buildSettings = {
				ALWAYS_SEARCH_USER_PATHS = NO;
				CLANG_ANALYZER_NONNULL = YES;
				CLANG_ANALYZER_NUMBER_OBJECT_CONVERSION = YES_AGGRESSIVE;
				CLANG_CXX_LANGUAGE_STANDARD = "gnu++14";
				CLANG_CXX_LIBRARY = "libc++";
				CLANG_ENABLE_MODULES = YES;
				CLANG_ENABLE_OBJC_ARC = YES;
				CLANG_ENABLE_OBJC_WEAK = YES;
				CLANG_WARN_BLOCK_CAPTURE_AUTORELEASING = YES;
				CLANG_WARN_BOOL_CONVERSION = YES;
				CLANG_WARN_COMMA = YES;
				CLANG_WARN_CONSTANT_CONVERSION = YES;
				CLANG_WARN_DEPRECATED_OBJC_IMPLEMENTATIONS = YES;
				CLANG_WARN_DIRECT_OBJC_ISA_USAGE = YES_ERROR;
				CLANG_WARN_DOCUMENTATION_COMMENTS = YES;
				CLANG_WARN_EMPTY_BODY = YES;
				CLANG_WARN_ENUM_CONVERSION = YES;
				CLANG_WARN_INFINITE_RECURSION = YES;
				CLANG_WARN_INT_CONVERSION = YES;
				CLANG_WARN_NON_LITERAL_NULL_CONVERSION = YES;
				CLANG_WARN_OBJC_IMPLICIT_RETAIN_SELF = YES;
				CLANG_WARN_OBJC_LITERAL_CONVERSION = YES;
				CLANG_WARN_OBJC_ROOT_CLASS = YES_ERROR;
				CLANG_WARN_QUOTED_INCLUDE_IN_FRAMEWORK_HEADER = YES;
				CLANG_WARN_RANGE_LOOP_ANALYSIS = YES;
				CLANG_WARN_STRICT_PROTOTYPES = YES;
				CLANG_WARN_SUSPICIOUS_MOVE = YES;
				CLANG_WARN_UNGUARDED_AVAILABILITY = YES_AGGRESSIVE;
				CLANG_WARN_UNREACHABLE_CODE = YES;
				CLANG_WARN__DUPLICATE_METHOD_MATCH = YES;
				COPY_PHASE_STRIP = NO;
				DEBUG_INFORMATION_FORMAT = "dwarf-with-dsym";
				ENABLE_NS_ASSERTIONS = NO;
				ENABLE_STRICT_OBJC_MSGSEND = YES;
				GCC_C_LANGUAGE_STANDARD = gnu11;
				GCC_NO_COMMON_BLOCKS = YES;
				GCC_WARN_64_TO_32_BIT_CONVERSION = YES;
				GCC_WARN_ABOUT_RETURN_TYPE = YES_ERROR;
				GCC_WARN_UNDECLARED_SELECTOR = YES;
				GCC_WARN_UNINITIALIZED_AUTOS = YES_AGGRESSIVE;
				GCC_WARN_UNUSED_FUNCTION = YES;
				GCC_WARN_UNUSED_VARIABLE = YES;
				IPHONEOS_DEPLOYMENT_TARGET = 14.0;
				MTL_ENABLE_DEBUG_INFO = NO;
				MTL_FAST_MATH = YES;
				SDKROOT = iphoneos;
				SWIFT_COMPILATION_MODE = wholemodule;
				SWIFT_OPTIMIZATION_LEVEL = "-O";
				VALIDATE_PRODUCT = YES;
			};
			name = Release;
		};
		5E8E1ECD2520491C006554E0 /* Debug */ = {
			isa = XCBuildConfiguration;
			buildSettings = {
				ASSETCATALOG_COMPILER_APPICON_NAME = AppIcon;
				ASSETCATALOG_COMPILER_GLOBAL_ACCENT_COLOR_NAME = AccentColor;
				CODE_SIGN_STYLE = Automatic;
				DEVELOPMENT_ASSET_PATHS = "\"RichWebViewSample/Preview Content\"";
				DEVELOPMENT_TEAM = 647PDU7VVZ;
				ENABLE_PREVIEWS = YES;
				INFOPLIST_FILE = RichWebViewSample/Info.plist;
				IPHONEOS_DEPLOYMENT_TARGET = 13.0;
				LD_RUNPATH_SEARCH_PATHS = (
					"$(inherited)",
					"@executable_path/Frameworks",
				);
				PRODUCT_BUNDLE_IDENTIFIER = com.konosuke.aoki.RichWebViewSample;
				PRODUCT_NAME = "$(TARGET_NAME)";
				SWIFT_VERSION = 5.0;
				TARGETED_DEVICE_FAMILY = "1,2";
			};
			name = Debug;
		};
		5E8E1ECE2520491C006554E0 /* Release */ = {
			isa = XCBuildConfiguration;
			buildSettings = {
				ASSETCATALOG_COMPILER_APPICON_NAME = AppIcon;
				ASSETCATALOG_COMPILER_GLOBAL_ACCENT_COLOR_NAME = AccentColor;
				CODE_SIGN_STYLE = Automatic;
				DEVELOPMENT_ASSET_PATHS = "\"RichWebViewSample/Preview Content\"";
				DEVELOPMENT_TEAM = 647PDU7VVZ;
				ENABLE_PREVIEWS = YES;
				INFOPLIST_FILE = RichWebViewSample/Info.plist;
				IPHONEOS_DEPLOYMENT_TARGET = 13.0;
				LD_RUNPATH_SEARCH_PATHS = (
					"$(inherited)",
					"@executable_path/Frameworks",
				);
				PRODUCT_BUNDLE_IDENTIFIER = com.konosuke.aoki.RichWebViewSample;
				PRODUCT_NAME = "$(TARGET_NAME)";
				SWIFT_VERSION = 5.0;
				TARGETED_DEVICE_FAMILY = "1,2";
			};
			name = Release;
		};
/* End XCBuildConfiguration section */

/* Begin XCConfigurationList section */
		5E8E1EB32520491C006554E0 /* Build configuration list for PBXProject "RichWebViewSample" */ = {
			isa = XCConfigurationList;
			buildConfigurations = (
				5E8E1ECA2520491C006554E0 /* Debug */,
				5E8E1ECB2520491C006554E0 /* Release */,
			);
			defaultConfigurationIsVisible = 0;
			defaultConfigurationName = Release;
		};
		5E8E1ECC2520491C006554E0 /* Build configuration list for PBXNativeTarget "RichWebViewSample" */ = {
			isa = XCConfigurationList;
			buildConfigurations = (
				5E8E1ECD2520491C006554E0 /* Debug */,
				5E8E1ECE2520491C006554E0 /* Release */,
			);
			defaultConfigurationIsVisible = 0;
			defaultConfigurationName = Release;
		};
/* End XCConfigurationList section */
	};
	rootObject = 5E8E1EB02520491C006554E0 /* Project object */;
}
